// !$*UTF8*$!
{
	archiveVersion = 1;
	classes = {
	};
	objectVersion = 46;
	objects = {

/* Begin PBXBuildFile section */
		AF77F65172FBD3FE676309C1 /* Pods_chat.framework in Frameworks */ = {isa = PBXBuildFile; fileRef = 167AFE3E2688A19DA2371667 /* Pods_chat.framework */; };
		EEE724701FA052F600CE12DF /* AppDelegate.swift in Sources */ = {isa = PBXBuildFile; fileRef = EEE7246F1FA052F600CE12DF /* AppDelegate.swift */; };
		EEE724721FA052F600CE12DF /* ViewController.swift in Sources */ = {isa = PBXBuildFile; fileRef = EEE724711FA052F600CE12DF /* ViewController.swift */; };
		EEE724751FA052F600CE12DF /* Main.storyboard in Resources */ = {isa = PBXBuildFile; fileRef = EEE724731FA052F600CE12DF /* Main.storyboard */; };
		EEE724771FA052F600CE12DF /* Assets.xcassets in Resources */ = {isa = PBXBuildFile; fileRef = EEE724761FA052F600CE12DF /* Assets.xcassets */; };
		EEE7247A1FA052F600CE12DF /* LaunchScreen.storyboard in Resources */ = {isa = PBXBuildFile; fileRef = EEE724781FA052F600CE12DF /* LaunchScreen.storyboard */; };
		EEE724821FA0543700CE12DF /* GoogleService-Info.plist in Resources */ = {isa = PBXBuildFile; fileRef = EEE724811FA0543700CE12DF /* GoogleService-Info.plist */; };
		EEE724A21FA0815A00CE12DF /* CoreData.framework in Frameworks */ = {isa = PBXBuildFile; fileRef = EEE724A11FA0815A00CE12DF /* CoreData.framework */; };
		EEE724A41FA099AC00CE12DF /* AuthenticateViewController.swift in Sources */ = {isa = PBXBuildFile; fileRef = EEE724A31FA099AC00CE12DF /* AuthenticateViewController.swift */; };
/* End PBXBuildFile section */

/* Begin PBXFileReference section */
		167AFE3E2688A19DA2371667 /* Pods_chat.framework */ = {isa = PBXFileReference; explicitFileType = wrapper.framework; includeInIndex = 0; path = Pods_chat.framework; sourceTree = BUILT_PRODUCTS_DIR; };
		8E8B7060E36AC0942F460858 /* Pods-chat.release.xcconfig */ = {isa = PBXFileReference; includeInIndex = 1; lastKnownFileType = text.xcconfig; name = "Pods-chat.release.xcconfig"; path = "Pods/Target Support Files/Pods-chat/Pods-chat.release.xcconfig"; sourceTree = "<group>"; };
		90448B023319AE114FB02511 /* Pods-chat.debug.xcconfig */ = {isa = PBXFileReference; includeInIndex = 1; lastKnownFileType = text.xcconfig; name = "Pods-chat.debug.xcconfig"; path = "Pods/Target Support Files/Pods-chat/Pods-chat.debug.xcconfig"; sourceTree = "<group>"; };
		EEE7246C1FA052F600CE12DF /* chat.app */ = {isa = PBXFileReference; explicitFileType = wrapper.application; includeInIndex = 0; path = chat.app; sourceTree = BUILT_PRODUCTS_DIR; };
		EEE7246F1FA052F600CE12DF /* AppDelegate.swift */ = {isa = PBXFileReference; lastKnownFileType = sourcecode.swift; path = AppDelegate.swift; sourceTree = "<group>"; };
		EEE724711FA052F600CE12DF /* ViewController.swift */ = {isa = PBXFileReference; lastKnownFileType = sourcecode.swift; path = ViewController.swift; sourceTree = "<group>"; };
		EEE724741FA052F600CE12DF /* Base */ = {isa = PBXFileReference; lastKnownFileType = file.storyboard; name = Base; path = Base.lproj/Main.storyboard; sourceTree = "<group>"; };
		EEE724761FA052F600CE12DF /* Assets.xcassets */ = {isa = PBXFileReference; lastKnownFileType = folder.assetcatalog; path = Assets.xcassets; sourceTree = "<group>"; };
		EEE724791FA052F600CE12DF /* Base */ = {isa = PBXFileReference; lastKnownFileType = file.storyboard; name = Base; path = Base.lproj/LaunchScreen.storyboard; sourceTree = "<group>"; };
		EEE7247B1FA052F600CE12DF /* Info.plist */ = {isa = PBXFileReference; lastKnownFileType = text.plist.xml; path = Info.plist; sourceTree = "<group>"; };
		EEE724811FA0543700CE12DF /* GoogleService-Info.plist */ = {isa = PBXFileReference; fileEncoding = 4; lastKnownFileType = text.plist.xml; path = "GoogleService-Info.plist"; sourceTree = "<group>"; };
		EEE724A11FA0815A00CE12DF /* CoreData.framework */ = {isa = PBXFileReference; lastKnownFileType = wrapper.framework; name = CoreData.framework; path = System/Library/Frameworks/CoreData.framework; sourceTree = SDKROOT; };
		EEE724A31FA099AC00CE12DF /* AuthenticateViewController.swift */ = {isa = PBXFileReference; fileEncoding = 4; lastKnownFileType = sourcecode.swift; path = AuthenticateViewController.swift; sourceTree = "<group>"; };
/* End PBXFileReference section */

/* Begin PBXFrameworksBuildPhase section */
		EEE724691FA052F600CE12DF /* Frameworks */ = {
			isa = PBXFrameworksBuildPhase;
			buildActionMask = 2147483647;
			files = (
				EEE724A21FA0815A00CE12DF /* CoreData.framework in Frameworks */,
				AF77F65172FBD3FE676309C1 /* Pods_chat.framework in Frameworks */,
			);
			runOnlyForDeploymentPostprocessing = 0;
		};
/* End PBXFrameworksBuildPhase section */

/* Begin PBXGroup section */
		630200FDC78C9EDA36B944A1 /* Pods */ = {
			isa = PBXGroup;
			children = (
				90448B023319AE114FB02511 /* Pods-chat.debug.xcconfig */,
				8E8B7060E36AC0942F460858 /* Pods-chat.release.xcconfig */,
			);
			name = Pods;
			sourceTree = "<group>";
		};
		6951951DF2568CFF220916C0 /* Frameworks */ = {
			isa = PBXGroup;
			children = (
				EEE724A11FA0815A00CE12DF /* CoreData.framework */,
				167AFE3E2688A19DA2371667 /* Pods_chat.framework */,
			);
			name = Frameworks;
			sourceTree = "<group>";
		};
		EEE724631FA052F600CE12DF = {
			isa = PBXGroup;
			children = (
				EEE7246E1FA052F600CE12DF /* chat */,
				EEE7246D1FA052F600CE12DF /* Products */,
				630200FDC78C9EDA36B944A1 /* Pods */,
				6951951DF2568CFF220916C0 /* Frameworks */,
			);
			sourceTree = "<group>";
		};
		EEE7246D1FA052F600CE12DF /* Products */ = {
			isa = PBXGroup;
			children = (
				EEE7246C1FA052F600CE12DF /* chat.app */,
			);
			name = Products;
			sourceTree = "<group>";
		};
		EEE7246E1FA052F600CE12DF /* chat */ = {
			isa = PBXGroup;
			children = (
				EEE7246F1FA052F600CE12DF /* AppDelegate.swift */,
				EEE724711FA052F600CE12DF /* ViewController.swift */,
				EEE724731FA052F600CE12DF /* Main.storyboard */,
				EEE724A31FA099AC00CE12DF /* AuthenticateViewController.swift */,
				EEE724761FA052F600CE12DF /* Assets.xcassets */,
				EEE724781FA052F600CE12DF /* LaunchScreen.storyboard */,
				EEE7247B1FA052F600CE12DF /* Info.plist */,
				EEE724811FA0543700CE12DF /* GoogleService-Info.plist */,
			);
			path = chat;
			sourceTree = "<group>";
		};
/* End PBXGroup section */

/* Begin PBXNativeTarget section */
		EEE7246B1FA052F600CE12DF /* chat */ = {
			isa = PBXNativeTarget;
			buildConfigurationList = EEE7247E1FA052F600CE12DF /* Build configuration list for PBXNativeTarget "chat" */;
			buildPhases = (
				70533337DB1E07099641A154 /* [CP] Check Pods Manifest.lock */,
				EEE724681FA052F600CE12DF /* Sources */,
				EEE724691FA052F600CE12DF /* Frameworks */,
				EEE7246A1FA052F600CE12DF /* Resources */,
				3F79625EF63F02F1F02880C6 /* [CP] Embed Pods Frameworks */,
				454B6C17210741C49E29E8A0 /* [CP] Copy Pods Resources */,
			);
			buildRules = (
			);
			dependencies = (
			);
			name = chat;
			productName = chat;
			productReference = EEE7246C1FA052F600CE12DF /* chat.app */;
			productType = "com.apple.product-type.application";
		};
/* End PBXNativeTarget section */

/* Begin PBXProject section */
		EEE724641FA052F600CE12DF /* Project object */ = {
			isa = PBXProject;
			attributes = {
				LastSwiftUpdateCheck = 0830;
				LastUpgradeCheck = 0830;
				ORGANIZATIONNAME = mycompany;
				TargetAttributes = {
					EEE7246B1FA052F600CE12DF = {
						CreatedOnToolsVersion = 8.3.3;
						DevelopmentTeam = W4W4D9SPYG;
						ProvisioningStyle = Automatic;
					};
				};
			};
			buildConfigurationList = EEE724671FA052F600CE12DF /* Build configuration list for PBXProject "chat" */;
			compatibilityVersion = "Xcode 3.2";
			developmentRegion = English;
			hasScannedForEncodings = 0;
			knownRegions = (
				en,
				Base,
			);
			mainGroup = EEE724631FA052F600CE12DF;
			productRefGroup = EEE7246D1FA052F600CE12DF /* Products */;
			projectDirPath = "";
			projectRoot = "";
			targets = (
				EEE7246B1FA052F600CE12DF /* chat */,
			);
		};
/* End PBXProject section */

/* Begin PBXResourcesBuildPhase section */
		EEE7246A1FA052F600CE12DF /* Resources */ = {
			isa = PBXResourcesBuildPhase;
			buildActionMask = 2147483647;
			files = (
				EEE7247A1FA052F600CE12DF /* LaunchScreen.storyboard in Resources */,
				EEE724821FA0543700CE12DF /* GoogleService-Info.plist in Resources */,
				EEE724771FA052F600CE12DF /* Assets.xcassets in Resources */,
				EEE724751FA052F600CE12DF /* Main.storyboard in Resources */,
			);
			runOnlyForDeploymentPostprocessing = 0;
		};
/* End PBXResourcesBuildPhase section */

/* Begin PBXShellScriptBuildPhase section */
		3F79625EF63F02F1F02880C6 /* [CP] Embed Pods Frameworks */ = {
			isa = PBXShellScriptBuildPhase;
			buildActionMask = 2147483647;
			files = (
			);
			inputPaths = (
				"${SRCROOT}/Pods/Target Support Files/Pods-chat/Pods-chat-frameworks.sh",
				"${BUILT_PRODUCTS_DIR}/GTMSessionFetcher/GTMSessionFetcher.framework",
				"${BUILT_PRODUCTS_DIR}/GoogleToolboxForMac/GoogleToolboxForMac.framework",
				"${BUILT_PRODUCTS_DIR}/leveldb-library/leveldb.framework",
				"${BUILT_PRODUCTS_DIR}/nanopb/nanopb.framework",
			);
			name = "[CP] Embed Pods Frameworks";
			outputPaths = (
				"${TARGET_BUILD_DIR}/${FRAMEWORKS_FOLDER_PATH}/GTMSessionFetcher.framework",
				"${TARGET_BUILD_DIR}/${FRAMEWORKS_FOLDER_PATH}/GoogleToolboxForMac.framework",
				"${TARGET_BUILD_DIR}/${FRAMEWORKS_FOLDER_PATH}/leveldb.framework",
				"${TARGET_BUILD_DIR}/${FRAMEWORKS_FOLDER_PATH}/nanopb.framework",
			);
			runOnlyForDeploymentPostprocessing = 0;
			shellPath = /bin/sh;
			shellScript = "\"${SRCROOT}/Pods/Target Support Files/Pods-chat/Pods-chat-frameworks.sh\"\n";
			showEnvVarsInLog = 0;
		};
		454B6C17210741C49E29E8A0 /* [CP] Copy Pods Resources */ = {
			isa = PBXShellScriptBuildPhase;
			buildActionMask = 2147483647;
			files = (
			);
			inputPaths = (
			);
			name = "[CP] Copy Pods Resources";
			outputPaths = (
			);
			runOnlyForDeploymentPostprocessing = 0;
			shellPath = /bin/sh;
			shellScript = "\"${SRCROOT}/Pods/Target Support Files/Pods-chat/Pods-chat-resources.sh\"\n";
			showEnvVarsInLog = 0;
		};
		70533337DB1E07099641A154 /* [CP] Check Pods Manifest.lock */ = {
			isa = PBXShellScriptBuildPhase;
			buildActionMask = 2147483647;
			files = (
			);
			inputPaths = (
				"${PODS_PODFILE_DIR_PATH}/Podfile.lock",
				"${PODS_ROOT}/Manifest.lock",
			);
			name = "[CP] Check Pods Manifest.lock";
			outputPaths = (
				"$(DERIVED_FILE_DIR)/Pods-chat-checkManifestLockResult.txt",
			);
			runOnlyForDeploymentPostprocessing = 0;
			shellPath = /bin/sh;
			shellScript = "diff \"${PODS_PODFILE_DIR_PATH}/Podfile.lock\" \"${PODS_ROOT}/Manifest.lock\" > /dev/null\nif [ $? != 0 ] ; then\n    # print error to STDERR\n    echo \"error: The sandbox is not in sync with the Podfile.lock. Run 'pod install' or update your CocoaPods installation.\" >&2\n    exit 1\nfi\n# This output is used by Xcode 'outputs' to avoid re-running this script phase.\necho \"SUCCESS\" > \"${SCRIPT_OUTPUT_FILE_0}\"\n";
			showEnvVarsInLog = 0;
		};
/* End PBXShellScriptBuildPhase section */

/* Begin PBXSourcesBuildPhase section */
		EEE724681FA052F600CE12DF /* Sources */ = {
			isa = PBXSourcesBuildPhase;
			buildActionMask = 2147483647;
			files = (
				EEE724721FA052F600CE12DF /* ViewController.swift in Sources */,
				EEE724A41FA099AC00CE12DF /* AuthenticateViewController.swift in Sources */,
				EEE724701FA052F600CE12DF /* AppDelegate.swift in Sources */,
			);
			runOnlyForDeploymentPostprocessing = 0;
		};
/* End PBXSourcesBuildPhase section */

/* Begin PBXVariantGroup section */
		EEE724731FA052F600CE12DF /* Main.storyboard */ = {
			isa = PBXVariantGroup;
			children = (
				EEE724741FA052F600CE12DF /* Base */,
			);
			name = Main.storyboard;
			sourceTree = "<group>";
		};
		EEE724781FA052F600CE12DF /* LaunchScreen.storyboard */ = {
			isa = PBXVariantGroup;
			children = (
				EEE724791FA052F600CE12DF /* Base */,
			);
			name = LaunchScreen.storyboard;
			sourceTree = "<group>";
		};
/* End PBXVariantGroup section */

/* Begin XCBuildConfiguration section */
		EEE7247C1FA052F600CE12DF /* Debug */ = {
			isa = XCBuildConfiguration;
			buildSettings = {
				ALWAYS_SEARCH_USER_PATHS = NO;
				CLANG_ANALYZER_NONNULL = YES;
				CLANG_ANALYZER_NUMBER_OBJECT_CONVERSION = YES_AGGRESSIVE;
				CLANG_CXX_LANGUAGE_STANDARD = "gnu++0x";
				CLANG_CXX_LIBRARY = "libc++";
				CLANG_ENABLE_MODULES = YES;
				CLANG_ENABLE_OBJC_ARC = YES;
				CLANG_WARN_BOOL_CONVERSION = YES;
				CLANG_WARN_CONSTANT_CONVERSION = YES;
				CLANG_WARN_DIRECT_OBJC_ISA_USAGE = YES_ERROR;
				CLANG_WARN_DOCUMENTATION_COMMENTS = YES;
				CLANG_WARN_EMPTY_BODY = YES;
				CLANG_WARN_ENUM_CONVERSION = YES;
				CLANG_WARN_INFINITE_RECURSION = YES;
				CLANG_WARN_INT_CONVERSION = YES;
				CLANG_WARN_OBJC_ROOT_CLASS = YES_ERROR;
				CLANG_WARN_SUSPICIOUS_MOVE = YES;
				CLANG_WARN_UNREACHABLE_CODE = YES;
				CLANG_WARN__DUPLICATE_METHOD_MATCH = YES;
				"CODE_SIGN_IDENTITY[sdk=iphoneos*]" = "iPhone Developer";
				COPY_PHASE_STRIP = NO;
				DEBUG_INFORMATION_FORMAT = dwarf;
				ENABLE_STRICT_OBJC_MSGSEND = YES;
				ENABLE_TESTABILITY = YES;
				GCC_C_LANGUAGE_STANDARD = gnu99;
				GCC_DYNAMIC_NO_PIC = NO;
				GCC_NO_COMMON_BLOCKS = YES;
				GCC_OPTIMIZATION_LEVEL = 0;
				GCC_PREPROCESSOR_DEFINITIONS = (
					"DEBUG=1",
					"$(inherited)",
				);
				GCC_WARN_64_TO_32_BIT_CONVERSION = YES;
				GCC_WARN_ABOUT_RETURN_TYPE = YES_ERROR;
				GCC_WARN_UNDECLARED_SELECTOR = YES;
				GCC_WARN_UNINITIALIZED_AUTOS = YES_AGGRESSIVE;
				GCC_WARN_UNUSED_FUNCTION = YES;
				GCC_WARN_UNUSED_VARIABLE = YES;
				IPHONEOS_DEPLOYMENT_TARGET = 10.3;
				MTL_ENABLE_DEBUG_INFO = YES;
				ONLY_ACTIVE_ARCH = YES;
				SDKROOT = iphoneos;
				SWIFT_ACTIVE_COMPILATION_CONDITIONS = DEBUG;
				SWIFT_OPTIMIZATION_LEVEL = "-Onone";
				TARGETED_DEVICE_FAMILY = "1,2";
			};
			name = Debug;
		};
		EEE7247D1FA052F600CE12DF /* Release */ = {
			isa = XCBuildConfiguration;
			buildSettings = {
				ALWAYS_SEARCH_USER_PATHS = NO;
				CLANG_ANALYZER_NONNULL = YES;
				CLANG_ANALYZER_NUMBER_OBJECT_CONVERSION = YES_AGGRESSIVE;
				CLANG_CXX_LANGUAGE_STANDARD = "gnu++0x";
				CLANG_CXX_LIBRARY = "libc++";
				CLANG_ENABLE_MODULES = YES;
				CLANG_ENABLE_OBJC_ARC = YES;
				CLANG_WARN_BOOL_CONVERSION = YES;
				CLANG_WARN_CONSTANT_CONVERSION = YES;
				CLANG_WARN_DIRECT_OBJC_ISA_USAGE = YES_ERROR;
				CLANG_WARN_DOCUMENTATION_COMMENTS = YES;
				CLANG_WARN_EMPTY_BODY = YES;
				CLANG_WARN_ENUM_CONVERSION = YES;
				CLANG_WARN_INFINITE_RECURSION = YES;
				CLANG_WARN_INT_CONVERSION = YES;
				CLANG_WARN_OBJC_ROOT_CLASS = YES_ERROR;
				CLANG_WARN_SUSPICIOUS_MOVE = YES;
				CLANG_WARN_UNREACHABLE_CODE = YES;
				CLANG_WARN__DUPLICATE_METHOD_MATCH = YES;
				"CODE_SIGN_IDENTITY[sdk=iphoneos*]" = "iPhone Developer";
				COPY_PHASE_STRIP = NO;
				DEBUG_INFORMATION_FORMAT = "dwarf-with-dsym";
				ENABLE_NS_ASSERTIONS = NO;
				ENABLE_STRICT_OBJC_MSGSEND = YES;
				GCC_C_LANGUAGE_STANDARD = gnu99;
				GCC_NO_COMMON_BLOCKS = YES;
				GCC_WARN_64_TO_32_BIT_CONVERSION = YES;
				GCC_WARN_ABOUT_RETURN_TYPE = YES_ERROR;
				GCC_WARN_UNDECLARED_SELECTOR = YES;
				GCC_WARN_UNINITIALIZED_AUTOS = YES_AGGRESSIVE;
				GCC_WARN_UNUSED_FUNCTION = YES;
				GCC_WARN_UNUSED_VARIABLE = YES;
				IPHONEOS_DEPLOYMENT_TARGET = 10.3;
				MTL_ENABLE_DEBUG_INFO = NO;
				SDKROOT = iphoneos;
				SWIFT_OPTIMIZATION_LEVEL = "-Owholemodule";
				TARGETED_DEVICE_FAMILY = "1,2";
				VALIDATE_PRODUCT = YES;
			};
			name = Release;
		};
		EEE7247F1FA052F600CE12DF /* Debug */ = {
			isa = XCBuildConfiguration;
			baseConfigurationReference = 90448B023319AE114FB02511 /* Pods-chat.debug.xcconfig */;
			buildSettings = {
				ASSETCATALOG_COMPILER_APPICON_NAME = AppIcon;
				DEVELOPMENT_TEAM = W4W4D9SPYG;
				INFOPLIST_FILE = chat/Info.plist;
				LD_RUNPATH_SEARCH_PATHS = "$(inherited) @executable_path/Frameworks";
				PRODUCT_BUNDLE_IDENTIFIER = jp.myapp.chat;
				PRODUCT_NAME = "$(TARGET_NAME)";
				SWIFT_VERSION = 3.0;
			};
			name = Debug;
		};
		EEE724801FA052F600CE12DF /* Release */ = {
			isa = XCBuildConfiguration;
			baseConfigurationReference = 8E8B7060E36AC0942F460858 /* Pods-chat.release.xcconfig */;
			buildSettings = {
				ASSETCATALOG_COMPILER_APPICON_NAME = AppIcon;
				DEVELOPMENT_TEAM = W4W4D9SPYG;
				INFOPLIST_FILE = chat/Info.plist;
				LD_RUNPATH_SEARCH_PATHS = "$(inherited) @executable_path/Frameworks";
				PRODUCT_BUNDLE_IDENTIFIER = jp.myapp.chat;
				PRODUCT_NAME = "$(TARGET_NAME)";
				SWIFT_VERSION = 3.0;
			};
			name = Release;
		};
/* End XCBuildConfiguration section */

/* Begin XCConfigurationList section */
		EEE724671FA052F600CE12DF /* Build configuration list for PBXProject "chat" */ = {
			isa = XCConfigurationList;
			buildConfigurations = (
				EEE7247C1FA052F600CE12DF /* Debug */,
				EEE7247D1FA052F600CE12DF /* Release */,
			);
			defaultConfigurationIsVisible = 0;
			defaultConfigurationName = Release;
		};
		EEE7247E1FA052F600CE12DF /* Build configuration list for PBXNativeTarget "chat" */ = {
			isa = XCConfigurationList;
			buildConfigurations = (
				EEE7247F1FA052F600CE12DF /* Debug */,
				EEE724801FA052F600CE12DF /* Release */,
			);
			defaultConfigurationIsVisible = 0;
			defaultConfigurationName = Release;
		};
/* End XCConfigurationList section */
	};
	rootObject = EEE724641FA052F600CE12DF /* Project object */;
}
